get_data:
  cmd: python get_data.py
  deps:
  - path: get_data.py
    md5: cbcd8da37295ab4bd86e59eeac74eb49
  outs:
  - path: wine_quality.csv
    md5: 148fdb4427625cc9792fc3401576e22b
training:
  cmd: python train.py
  deps:
  - path: train.py
    md5: 7a3e0e2bd7c3d4eac8512762a47315c2
  - path: wine_quality.csv
    md5: 148fdb4427625cc9792fc3401576e22b
  outs:
  - path: confusion_matrix.png
    md5: 0eba0d37b45e26e54af8c0d652fa76c2
  - path: feature_importance.png
    md5: cf75e148276d8959163b74c12a93f252
  - path: metrics.json
    md5: 0858c3979874accc21f2fe2fc3d47ad3
