get_data:
  cmd: python get_data.py
  deps:
  - path: get_data.py
    md5: f2c4d735aad5755ec8854cf0cdd69448
  outs:
  - path: wine_quality.csv
    md5: 65370e7b05a9d76a5ade687fb3fcee49
training:
  cmd: python train.py
  deps:
  - path: train.py
    md5: 359aaa8862280907f0b866a555cfd3df
  - path: wine_quality.csv
    md5: 65370e7b05a9d76a5ade687fb3fcee49
